
Microsoft Visual Studio Solution File, Format Version 12.00
# Visual Studio Version 16
VisualStudioVersion = 16.0.31624.102
MinimumVisualStudioVersion = 10.0.40219.1
Project("{D954291E-2A0B-460D-934E-DC6B0785DB48}") = "RedShot.Desktop.Shared", "RedShot.Desktop\RedShot.Desktop.Shared\RedShot.Desktop.Shared.shproj", "{6279C845-92F8-4333-AB99-3D213163593C}"
EndProject
Project("{2150E333-8FDC-42A3-9474-1A3956D46DE8}") = "Platforms", "Platforms", "{CCAF89A0-6F0B-4486-B35A-992384AE26ED}"
EndProject
Project("{9A19103F-16F7-4668-BE54-9A1E7A4F7556}") = "RedShot.Desktop.Skia.Gtk", "RedShot.Desktop\RedShot.Desktop.Skia.Gtk\RedShot.Desktop.Skia.Gtk.csproj", "{A88B8E8D-5154-484B-B10D-D1234E2A7CE3}"
EndProject
Project("{2150E333-8FDC-42A3-9474-1A3956D46DE8}") = "Application", "Application", "{92A9A14F-07E3-4019-ABA7-818774388ADB}"
EndProject
Project("{9A19103F-16F7-4668-BE54-9A1E7A4F7556}") = "RedShot.Mvvm", "RedShot.Mvvm\RedShot.Mvvm.csproj", "{A808DD2E-CF11-4164-ACE4-9E27DF6C69DA}"
EndProject
Project("{2150E333-8FDC-42A3-9474-1A3956D46DE8}") = "Domain", "Domain", "{73E411B8-13D0-4C24-A1EF-0D7F4879E3E7}"
EndProject
Project("{9A19103F-16F7-4668-BE54-9A1E7A4F7556}") = "RedShot.Infrastructure.Abstractions", "RedShot.Infrastructure.Abstractions\RedShot.Infrastructure.Abstractions.csproj", "{882FF032-3503-4693-A6D0-CEEBC7ED6841}"
EndProject
Project("{FAE04EC0-301F-11D3-BF4B-00C04F79EFBC}") = "RedShot.Infrastructure.Domain", "RedShot.Infrastructure.Domain\RedShot.Infrastructure.Domain.csproj", "{63E5CD00-A8D6-4304-92C5-4C5C6C40371D}"
EndProject
Global
	GlobalSection(SharedMSBuildProjectFiles) = preSolution
		RedShot.Desktop\RedShot.Desktop.Shared\RedShot.Desktop.Shared.projitems*{6279c845-92f8-4333-ab99-3d213163593c}*SharedItemsImports = 13
		RedShot.Desktop\RedShot.Desktop.Shared\RedShot.Desktop.Shared.projitems*{a88b8e8d-5154-484b-b10d-d1234e2a7ce3}*SharedItemsImports = 5
	EndGlobalSection
	GlobalSection(SolutionConfigurationPlatforms) = preSolution
		Ad-Hoc|Any CPU = Ad-Hoc|Any CPU
		Ad-Hoc|ARM = Ad-Hoc|ARM
		Ad-Hoc|ARM64 = Ad-Hoc|ARM64
		Ad-Hoc|iPhone = Ad-Hoc|iPhone
		Ad-Hoc|iPhoneSimulator = Ad-Hoc|iPhoneSimulator
		Ad-Hoc|x64 = Ad-Hoc|x64
		Ad-Hoc|x86 = Ad-Hoc|x86
		AppStore|Any CPU = AppStore|Any CPU
		AppStore|ARM = AppStore|ARM
		AppStore|ARM64 = AppStore|ARM64
		AppStore|iPhone = AppStore|iPhone
		AppStore|iPhoneSimulator = AppStore|iPhoneSimulator
		AppStore|x64 = AppStore|x64
		AppStore|x86 = AppStore|x86
		Debug|Any CPU = Debug|Any CPU
		Debug|ARM = Debug|ARM
		Debug|ARM64 = Debug|ARM64
		Debug|iPhone = Debug|iPhone
		Debug|iPhoneSimulator = Debug|iPhoneSimulator
		Debug|x64 = Debug|x64
		Debug|x86 = Debug|x86
		Release|Any CPU = Release|Any CPU
		Release|ARM = Release|ARM
		Release|ARM64 = Release|ARM64
		Release|iPhone = Release|iPhone
		Release|iPhoneSimulator = Release|iPhoneSimulator
		Release|x64 = Release|x64
		Release|x86 = Release|x86
	EndGlobalSection
	GlobalSection(ProjectConfigurationPlatforms) = postSolution
		{A88B8E8D-5154-484B-B10D-D1234E2A7CE3}.Ad-Hoc|Any CPU.ActiveCfg = Debug|Any CPU
		{A88B8E8D-5154-484B-B10D-D1234E2A7CE3}.Ad-Hoc|Any CPU.Build.0 = Debug|Any CPU
		{A88B8E8D-5154-484B-B10D-D1234E2A7CE3}.Ad-Hoc|ARM.ActiveCfg = Debug|Any CPU
		{A88B8E8D-5154-484B-B10D-D1234E2A7CE3}.Ad-Hoc|ARM.Build.0 = Debug|Any CPU
		{A88B8E8D-5154-484B-B10D-D1234E2A7CE3}.Ad-Hoc|ARM64.ActiveCfg = Debug|Any CPU
		{A88B8E8D-5154-484B-B10D-D1234E2A7CE3}.Ad-Hoc|ARM64.Build.0 = Debug|Any CPU
		{A88B8E8D-5154-484B-B10D-D1234E2A7CE3}.Ad-Hoc|iPhone.ActiveCfg = Debug|Any CPU
		{A88B8E8D-5154-484B-B10D-D1234E2A7CE3}.Ad-Hoc|iPhone.Build.0 = Debug|Any CPU
		{A88B8E8D-5154-484B-B10D-D1234E2A7CE3}.Ad-Hoc|iPhoneSimulator.ActiveCfg = Debug|Any CPU
		{A88B8E8D-5154-484B-B10D-D1234E2A7CE3}.Ad-Hoc|iPhoneSimulator.Build.0 = Debug|Any CPU
		{A88B8E8D-5154-484B-B10D-D1234E2A7CE3}.Ad-Hoc|x64.ActiveCfg = Debug|Any CPU
		{A88B8E8D-5154-484B-B10D-D1234E2A7CE3}.Ad-Hoc|x64.Build.0 = Debug|Any CPU
		{A88B8E8D-5154-484B-B10D-D1234E2A7CE3}.Ad-Hoc|x86.ActiveCfg = Debug|Any CPU
		{A88B8E8D-5154-484B-B10D-D1234E2A7CE3}.Ad-Hoc|x86.Build.0 = Debug|Any CPU
		{A88B8E8D-5154-484B-B10D-D1234E2A7CE3}.AppStore|Any CPU.ActiveCfg = Debug|Any CPU
		{A88B8E8D-5154-484B-B10D-D1234E2A7CE3}.AppStore|Any CPU.Build.0 = Debug|Any CPU
		{A88B8E8D-5154-484B-B10D-D1234E2A7CE3}.AppStore|ARM.ActiveCfg = Debug|Any CPU
		{A88B8E8D-5154-484B-B10D-D1234E2A7CE3}.AppStore|ARM.Build.0 = Debug|Any CPU
		{A88B8E8D-5154-484B-B10D-D1234E2A7CE3}.AppStore|ARM64.ActiveCfg = Debug|Any CPU
		{A88B8E8D-5154-484B-B10D-D1234E2A7CE3}.AppStore|ARM64.Build.0 = Debug|Any CPU
		{A88B8E8D-5154-484B-B10D-D1234E2A7CE3}.AppStore|iPhone.ActiveCfg = Debug|Any CPU
		{A88B8E8D-5154-484B-B10D-D1234E2A7CE3}.AppStore|iPhone.Build.0 = Debug|Any CPU
		{A88B8E8D-5154-484B-B10D-D1234E2A7CE3}.AppStore|iPhoneSimulator.ActiveCfg = Debug|Any CPU
		{A88B8E8D-5154-484B-B10D-D1234E2A7CE3}.AppStore|iPhoneSimulator.Build.0 = Debug|Any CPU
		{A88B8E8D-5154-484B-B10D-D1234E2A7CE3}.AppStore|x64.ActiveCfg = Debug|Any CPU
		{A88B8E8D-5154-484B-B10D-D1234E2A7CE3}.AppStore|x64.Build.0 = Debug|Any CPU
		{A88B8E8D-5154-484B-B10D-D1234E2A7CE3}.AppStore|x86.ActiveCfg = Debug|Any CPU
		{A88B8E8D-5154-484B-B10D-D1234E2A7CE3}.AppStore|x86.Build.0 = Debug|Any CPU
		{A88B8E8D-5154-484B-B10D-D1234E2A7CE3}.Debug|Any CPU.ActiveCfg = Debug|Any CPU
		{A88B8E8D-5154-484B-B10D-D1234E2A7CE3}.Debug|Any CPU.Build.0 = Debug|Any CPU
		{A88B8E8D-5154-484B-B10D-D1234E2A7CE3}.Debug|ARM.ActiveCfg = Debug|Any CPU
		{A88B8E8D-5154-484B-B10D-D1234E2A7CE3}.Debug|ARM.Build.0 = Debug|Any CPU
		{A88B8E8D-5154-484B-B10D-D1234E2A7CE3}.Debug|ARM64.ActiveCfg = Debug|Any CPU
		{A88B8E8D-5154-484B-B10D-D1234E2A7CE3}.Debug|ARM64.Build.0 = Debug|Any CPU
		{A88B8E8D-5154-484B-B10D-D1234E2A7CE3}.Debug|iPhone.ActiveCfg = Debug|Any CPU
		{A88B8E8D-5154-484B-B10D-D1234E2A7CE3}.Debug|iPhone.Build.0 = Debug|Any CPU
		{A88B8E8D-5154-484B-B10D-D1234E2A7CE3}.Debug|iPhoneSimulator.ActiveCfg = Debug|Any CPU
		{A88B8E8D-5154-484B-B10D-D1234E2A7CE3}.Debug|iPhoneSimulator.Build.0 = Debug|Any CPU
		{A88B8E8D-5154-484B-B10D-D1234E2A7CE3}.Debug|x64.ActiveCfg = Debug|Any CPU
		{A88B8E8D-5154-484B-B10D-D1234E2A7CE3}.Debug|x64.Build.0 = Debug|Any CPU
		{A88B8E8D-5154-484B-B10D-D1234E2A7CE3}.Debug|x86.ActiveCfg = Debug|Any CPU
		{A88B8E8D-5154-484B-B10D-D1234E2A7CE3}.Debug|x86.Build.0 = Debug|Any CPU
		{A88B8E8D-5154-484B-B10D-D1234E2A7CE3}.Release|Any CPU.ActiveCfg = Release|Any CPU
		{A88B8E8D-5154-484B-B10D-D1234E2A7CE3}.Release|Any CPU.Build.0 = Release|Any CPU
		{A88B8E8D-5154-484B-B10D-D1234E2A7CE3}.Release|ARM.ActiveCfg = Release|Any CPU
		{A88B8E8D-5154-484B-B10D-D1234E2A7CE3}.Release|ARM.Build.0 = Release|Any CPU
		{A88B8E8D-5154-484B-B10D-D1234E2A7CE3}.Release|ARM64.ActiveCfg = Release|Any CPU
		{A88B8E8D-5154-484B-B10D-D1234E2A7CE3}.Release|ARM64.Build.0 = Release|Any CPU
		{A88B8E8D-5154-484B-B10D-D1234E2A7CE3}.Release|iPhone.ActiveCfg = Release|Any CPU
		{A88B8E8D-5154-484B-B10D-D1234E2A7CE3}.Release|iPhone.Build.0 = Release|Any CPU
		{A88B8E8D-5154-484B-B10D-D1234E2A7CE3}.Release|iPhoneSimulator.ActiveCfg = Release|Any CPU
		{A88B8E8D-5154-484B-B10D-D1234E2A7CE3}.Release|iPhoneSimulator.Build.0 = Release|Any CPU
		{A88B8E8D-5154-484B-B10D-D1234E2A7CE3}.Release|x64.ActiveCfg = Release|Any CPU
		{A88B8E8D-5154-484B-B10D-D1234E2A7CE3}.Release|x64.Build.0 = Release|Any CPU
		{A88B8E8D-5154-484B-B10D-D1234E2A7CE3}.Release|x86.ActiveCfg = Release|Any CPU
		{A88B8E8D-5154-484B-B10D-D1234E2A7CE3}.Release|x86.Build.0 = Release|Any CPU
		{A808DD2E-CF11-4164-ACE4-9E27DF6C69DA}.Ad-Hoc|Any CPU.ActiveCfg = Debug|Any CPU
		{A808DD2E-CF11-4164-ACE4-9E27DF6C69DA}.Ad-Hoc|Any CPU.Build.0 = Debug|Any CPU
		{A808DD2E-CF11-4164-ACE4-9E27DF6C69DA}.Ad-Hoc|ARM.ActiveCfg = Debug|Any CPU
		{A808DD2E-CF11-4164-ACE4-9E27DF6C69DA}.Ad-Hoc|ARM.Build.0 = Debug|Any CPU
		{A808DD2E-CF11-4164-ACE4-9E27DF6C69DA}.Ad-Hoc|ARM64.ActiveCfg = Debug|Any CPU
		{A808DD2E-CF11-4164-ACE4-9E27DF6C69DA}.Ad-Hoc|ARM64.Build.0 = Debug|Any CPU
		{A808DD2E-CF11-4164-ACE4-9E27DF6C69DA}.Ad-Hoc|iPhone.ActiveCfg = Debug|Any CPU
		{A808DD2E-CF11-4164-ACE4-9E27DF6C69DA}.Ad-Hoc|iPhone.Build.0 = Debug|Any CPU
		{A808DD2E-CF11-4164-ACE4-9E27DF6C69DA}.Ad-Hoc|iPhoneSimulator.ActiveCfg = Debug|Any CPU
		{A808DD2E-CF11-4164-ACE4-9E27DF6C69DA}.Ad-Hoc|iPhoneSimulator.Build.0 = Debug|Any CPU
		{A808DD2E-CF11-4164-ACE4-9E27DF6C69DA}.Ad-Hoc|x64.ActiveCfg = Debug|Any CPU
		{A808DD2E-CF11-4164-ACE4-9E27DF6C69DA}.Ad-Hoc|x64.Build.0 = Debug|Any CPU
		{A808DD2E-CF11-4164-ACE4-9E27DF6C69DA}.Ad-Hoc|x86.ActiveCfg = Debug|Any CPU
		{A808DD2E-CF11-4164-ACE4-9E27DF6C69DA}.Ad-Hoc|x86.Build.0 = Debug|Any CPU
		{A808DD2E-CF11-4164-ACE4-9E27DF6C69DA}.AppStore|Any CPU.ActiveCfg = Debug|Any CPU
		{A808DD2E-CF11-4164-ACE4-9E27DF6C69DA}.AppStore|Any CPU.Build.0 = Debug|Any CPU
		{A808DD2E-CF11-4164-ACE4-9E27DF6C69DA}.AppStore|ARM.ActiveCfg = Debug|Any CPU
		{A808DD2E-CF11-4164-ACE4-9E27DF6C69DA}.AppStore|ARM.Build.0 = Debug|Any CPU
		{A808DD2E-CF11-4164-ACE4-9E27DF6C69DA}.AppStore|ARM64.ActiveCfg = Debug|Any CPU
		{A808DD2E-CF11-4164-ACE4-9E27DF6C69DA}.AppStore|ARM64.Build.0 = Debug|Any CPU
		{A808DD2E-CF11-4164-ACE4-9E27DF6C69DA}.AppStore|iPhone.ActiveCfg = Debug|Any CPU
		{A808DD2E-CF11-4164-ACE4-9E27DF6C69DA}.AppStore|iPhone.Build.0 = Debug|Any CPU
		{A808DD2E-CF11-4164-ACE4-9E27DF6C69DA}.AppStore|iPhoneSimulator.ActiveCfg = Debug|Any CPU
		{A808DD2E-CF11-4164-ACE4-9E27DF6C69DA}.AppStore|iPhoneSimulator.Build.0 = Debug|Any CPU
		{A808DD2E-CF11-4164-ACE4-9E27DF6C69DA}.AppStore|x64.ActiveCfg = Debug|Any CPU
		{A808DD2E-CF11-4164-ACE4-9E27DF6C69DA}.AppStore|x64.Build.0 = Debug|Any CPU
		{A808DD2E-CF11-4164-ACE4-9E27DF6C69DA}.AppStore|x86.ActiveCfg = Debug|Any CPU
		{A808DD2E-CF11-4164-ACE4-9E27DF6C69DA}.AppStore|x86.Build.0 = Debug|Any CPU
		{A808DD2E-CF11-4164-ACE4-9E27DF6C69DA}.Debug|Any CPU.ActiveCfg = Debug|Any CPU
		{A808DD2E-CF11-4164-ACE4-9E27DF6C69DA}.Debug|Any CPU.Build.0 = Debug|Any CPU
		{A808DD2E-CF11-4164-ACE4-9E27DF6C69DA}.Debug|ARM.ActiveCfg = Debug|Any CPU
		{A808DD2E-CF11-4164-ACE4-9E27DF6C69DA}.Debug|ARM.Build.0 = Debug|Any CPU
		{A808DD2E-CF11-4164-ACE4-9E27DF6C69DA}.Debug|ARM64.ActiveCfg = Debug|Any CPU
		{A808DD2E-CF11-4164-ACE4-9E27DF6C69DA}.Debug|ARM64.Build.0 = Debug|Any CPU
		{A808DD2E-CF11-4164-ACE4-9E27DF6C69DA}.Debug|iPhone.ActiveCfg = Debug|Any CPU
		{A808DD2E-CF11-4164-ACE4-9E27DF6C69DA}.Debug|iPhone.Build.0 = Debug|Any CPU
		{A808DD2E-CF11-4164-ACE4-9E27DF6C69DA}.Debug|iPhoneSimulator.ActiveCfg = Debug|Any CPU
		{A808DD2E-CF11-4164-ACE4-9E27DF6C69DA}.Debug|iPhoneSimulator.Build.0 = Debug|Any CPU
		{A808DD2E-CF11-4164-ACE4-9E27DF6C69DA}.Debug|x64.ActiveCfg = Debug|Any CPU
		{A808DD2E-CF11-4164-ACE4-9E27DF6C69DA}.Debug|x64.Build.0 = Debug|Any CPU
		{A808DD2E-CF11-4164-ACE4-9E27DF6C69DA}.Debug|x86.ActiveCfg = Debug|Any CPU
		{A808DD2E-CF11-4164-ACE4-9E27DF6C69DA}.Debug|x86.Build.0 = Debug|Any CPU
		{A808DD2E-CF11-4164-ACE4-9E27DF6C69DA}.Release|Any CPU.ActiveCfg = Release|Any CPU
		{A808DD2E-CF11-4164-ACE4-9E27DF6C69DA}.Release|Any CPU.Build.0 = Release|Any CPU
		{A808DD2E-CF11-4164-ACE4-9E27DF6C69DA}.Release|ARM.ActiveCfg = Release|Any CPU
		{A808DD2E-CF11-4164-ACE4-9E27DF6C69DA}.Release|ARM.Build.0 = Release|Any CPU
		{A808DD2E-CF11-4164-ACE4-9E27DF6C69DA}.Release|ARM64.ActiveCfg = Release|Any CPU
		{A808DD2E-CF11-4164-ACE4-9E27DF6C69DA}.Release|ARM64.Build.0 = Release|Any CPU
		{A808DD2E-CF11-4164-ACE4-9E27DF6C69DA}.Release|iPhone.ActiveCfg = Release|Any CPU
		{A808DD2E-CF11-4164-ACE4-9E27DF6C69DA}.Release|iPhone.Build.0 = Release|Any CPU
		{A808DD2E-CF11-4164-ACE4-9E27DF6C69DA}.Release|iPhoneSimulator.ActiveCfg = Release|Any CPU
		{A808DD2E-CF11-4164-ACE4-9E27DF6C69DA}.Release|iPhoneSimulator.Build.0 = Release|Any CPU
		{A808DD2E-CF11-4164-ACE4-9E27DF6C69DA}.Release|x64.ActiveCfg = Release|Any CPU
		{A808DD2E-CF11-4164-ACE4-9E27DF6C69DA}.Release|x64.Build.0 = Release|Any CPU
		{A808DD2E-CF11-4164-ACE4-9E27DF6C69DA}.Release|x86.ActiveCfg = Release|Any CPU
		{A808DD2E-CF11-4164-ACE4-9E27DF6C69DA}.Release|x86.Build.0 = Release|Any CPU
		{882FF032-3503-4693-A6D0-CEEBC7ED6841}.Ad-Hoc|Any CPU.ActiveCfg = Debug|Any CPU
		{882FF032-3503-4693-A6D0-CEEBC7ED6841}.Ad-Hoc|Any CPU.Build.0 = Debug|Any CPU
		{882FF032-3503-4693-A6D0-CEEBC7ED6841}.Ad-Hoc|ARM.ActiveCfg = Debug|Any CPU
		{882FF032-3503-4693-A6D0-CEEBC7ED6841}.Ad-Hoc|ARM.Build.0 = Debug|Any CPU
		{882FF032-3503-4693-A6D0-CEEBC7ED6841}.Ad-Hoc|ARM64.ActiveCfg = Debug|Any CPU
		{882FF032-3503-4693-A6D0-CEEBC7ED6841}.Ad-Hoc|ARM64.Build.0 = Debug|Any CPU
		{882FF032-3503-4693-A6D0-CEEBC7ED6841}.Ad-Hoc|iPhone.ActiveCfg = Debug|Any CPU
		{882FF032-3503-4693-A6D0-CEEBC7ED6841}.Ad-Hoc|iPhone.Build.0 = Debug|Any CPU
		{882FF032-3503-4693-A6D0-CEEBC7ED6841}.Ad-Hoc|iPhoneSimulator.ActiveCfg = Debug|Any CPU
		{882FF032-3503-4693-A6D0-CEEBC7ED6841}.Ad-Hoc|iPhoneSimulator.Build.0 = Debug|Any CPU
		{882FF032-3503-4693-A6D0-CEEBC7ED6841}.Ad-Hoc|x64.ActiveCfg = Debug|Any CPU
		{882FF032-3503-4693-A6D0-CEEBC7ED6841}.Ad-Hoc|x64.Build.0 = Debug|Any CPU
		{882FF032-3503-4693-A6D0-CEEBC7ED6841}.Ad-Hoc|x86.ActiveCfg = Debug|Any CPU
		{882FF032-3503-4693-A6D0-CEEBC7ED6841}.Ad-Hoc|x86.Build.0 = Debug|Any CPU
		{882FF032-3503-4693-A6D0-CEEBC7ED6841}.AppStore|Any CPU.ActiveCfg = Debug|Any CPU
		{882FF032-3503-4693-A6D0-CEEBC7ED6841}.AppStore|Any CPU.Build.0 = Debug|Any CPU
		{882FF032-3503-4693-A6D0-CEEBC7ED6841}.AppStore|ARM.ActiveCfg = Debug|Any CPU
		{882FF032-3503-4693-A6D0-CEEBC7ED6841}.AppStore|ARM.Build.0 = Debug|Any CPU
		{882FF032-3503-4693-A6D0-CEEBC7ED6841}.AppStore|ARM64.ActiveCfg = Debug|Any CPU
		{882FF032-3503-4693-A6D0-CEEBC7ED6841}.AppStore|ARM64.Build.0 = Debug|Any CPU
		{882FF032-3503-4693-A6D0-CEEBC7ED6841}.AppStore|iPhone.ActiveCfg = Debug|Any CPU
		{882FF032-3503-4693-A6D0-CEEBC7ED6841}.AppStore|iPhone.Build.0 = Debug|Any CPU
		{882FF032-3503-4693-A6D0-CEEBC7ED6841}.AppStore|iPhoneSimulator.ActiveCfg = Debug|Any CPU
		{882FF032-3503-4693-A6D0-CEEBC7ED6841}.AppStore|iPhoneSimulator.Build.0 = Debug|Any CPU
		{882FF032-3503-4693-A6D0-CEEBC7ED6841}.AppStore|x64.ActiveCfg = Debug|Any CPU
		{882FF032-3503-4693-A6D0-CEEBC7ED6841}.AppStore|x64.Build.0 = Debug|Any CPU
		{882FF032-3503-4693-A6D0-CEEBC7ED6841}.AppStore|x86.ActiveCfg = Debug|Any CPU
		{882FF032-3503-4693-A6D0-CEEBC7ED6841}.AppStore|x86.Build.0 = Debug|Any CPU
		{882FF032-3503-4693-A6D0-CEEBC7ED6841}.Debug|Any CPU.ActiveCfg = Debug|Any CPU
		{882FF032-3503-4693-A6D0-CEEBC7ED6841}.Debug|Any CPU.Build.0 = Debug|Any CPU
		{882FF032-3503-4693-A6D0-CEEBC7ED6841}.Debug|ARM.ActiveCfg = Debug|Any CPU
		{882FF032-3503-4693-A6D0-CEEBC7ED6841}.Debug|ARM.Build.0 = Debug|Any CPU
		{882FF032-3503-4693-A6D0-CEEBC7ED6841}.Debug|ARM64.ActiveCfg = Debug|Any CPU
		{882FF032-3503-4693-A6D0-CEEBC7ED6841}.Debug|ARM64.Build.0 = Debug|Any CPU
		{882FF032-3503-4693-A6D0-CEEBC7ED6841}.Debug|iPhone.ActiveCfg = Debug|Any CPU
		{882FF032-3503-4693-A6D0-CEEBC7ED6841}.Debug|iPhone.Build.0 = Debug|Any CPU
		{882FF032-3503-4693-A6D0-CEEBC7ED6841}.Debug|iPhoneSimulator.ActiveCfg = Debug|Any CPU
		{882FF032-3503-4693-A6D0-CEEBC7ED6841}.Debug|iPhoneSimulator.Build.0 = Debug|Any CPU
		{882FF032-3503-4693-A6D0-CEEBC7ED6841}.Debug|x64.ActiveCfg = Debug|Any CPU
		{882FF032-3503-4693-A6D0-CEEBC7ED6841}.Debug|x64.Build.0 = Debug|Any CPU
		{882FF032-3503-4693-A6D0-CEEBC7ED6841}.Debug|x86.ActiveCfg = Debug|Any CPU
		{882FF032-3503-4693-A6D0-CEEBC7ED6841}.Debug|x86.Build.0 = Debug|Any CPU
		{882FF032-3503-4693-A6D0-CEEBC7ED6841}.Release|Any CPU.ActiveCfg = Release|Any CPU
		{882FF032-3503-4693-A6D0-CEEBC7ED6841}.Release|Any CPU.Build.0 = Release|Any CPU
		{882FF032-3503-4693-A6D0-CEEBC7ED6841}.Release|ARM.ActiveCfg = Release|Any CPU
		{882FF032-3503-4693-A6D0-CEEBC7ED6841}.Release|ARM.Build.0 = Release|Any CPU
		{882FF032-3503-4693-A6D0-CEEBC7ED6841}.Release|ARM64.ActiveCfg = Release|Any CPU
		{882FF032-3503-4693-A6D0-CEEBC7ED6841}.Release|ARM64.Build.0 = Release|Any CPU
		{882FF032-3503-4693-A6D0-CEEBC7ED6841}.Release|iPhone.ActiveCfg = Release|Any CPU
		{882FF032-3503-4693-A6D0-CEEBC7ED6841}.Release|iPhone.Build.0 = Release|Any CPU
		{882FF032-3503-4693-A6D0-CEEBC7ED6841}.Release|iPhoneSimulator.ActiveCfg = Release|Any CPU
		{882FF032-3503-4693-A6D0-CEEBC7ED6841}.Release|iPhoneSimulator.Build.0 = Release|Any CPU
		{882FF032-3503-4693-A6D0-CEEBC7ED6841}.Release|x64.ActiveCfg = Release|Any CPU
		{882FF032-3503-4693-A6D0-CEEBC7ED6841}.Release|x64.Build.0 = Release|Any CPU
		{882FF032-3503-4693-A6D0-CEEBC7ED6841}.Release|x86.ActiveCfg = Release|Any CPU
		{882FF032-3503-4693-A6D0-CEEBC7ED6841}.Release|x86.Build.0 = Release|Any CPU
		{63E5CD00-A8D6-4304-92C5-4C5C6C40371D}.Ad-Hoc|Any CPU.ActiveCfg = Debug|Any CPU
		{63E5CD00-A8D6-4304-92C5-4C5C6C40371D}.Ad-Hoc|Any CPU.Build.0 = Debug|Any CPU
		{63E5CD00-A8D6-4304-92C5-4C5C6C40371D}.Ad-Hoc|ARM.ActiveCfg = Debug|Any CPU
		{63E5CD00-A8D6-4304-92C5-4C5C6C40371D}.Ad-Hoc|ARM.Build.0 = Debug|Any CPU
		{63E5CD00-A8D6-4304-92C5-4C5C6C40371D}.Ad-Hoc|ARM64.ActiveCfg = Debug|Any CPU
		{63E5CD00-A8D6-4304-92C5-4C5C6C40371D}.Ad-Hoc|ARM64.Build.0 = Debug|Any CPU
		{63E5CD00-A8D6-4304-92C5-4C5C6C40371D}.Ad-Hoc|iPhone.ActiveCfg = Debug|Any CPU
		{63E5CD00-A8D6-4304-92C5-4C5C6C40371D}.Ad-Hoc|iPhone.Build.0 = Debug|Any CPU
		{63E5CD00-A8D6-4304-92C5-4C5C6C40371D}.Ad-Hoc|iPhoneSimulator.ActiveCfg = Debug|Any CPU
		{63E5CD00-A8D6-4304-92C5-4C5C6C40371D}.Ad-Hoc|iPhoneSimulator.Build.0 = Debug|Any CPU
		{63E5CD00-A8D6-4304-92C5-4C5C6C40371D}.Ad-Hoc|x64.ActiveCfg = Debug|Any CPU
		{63E5CD00-A8D6-4304-92C5-4C5C6C40371D}.Ad-Hoc|x64.Build.0 = Debug|Any CPU
		{63E5CD00-A8D6-4304-92C5-4C5C6C40371D}.Ad-Hoc|x86.ActiveCfg = Debug|Any CPU
		{63E5CD00-A8D6-4304-92C5-4C5C6C40371D}.Ad-Hoc|x86.Build.0 = Debug|Any CPU
		{63E5CD00-A8D6-4304-92C5-4C5C6C40371D}.AppStore|Any CPU.ActiveCfg = Debug|Any CPU
		{63E5CD00-A8D6-4304-92C5-4C5C6C40371D}.AppStore|Any CPU.Build.0 = Debug|Any CPU
		{63E5CD00-A8D6-4304-92C5-4C5C6C40371D}.AppStore|ARM.ActiveCfg = Debug|Any CPU
		{63E5CD00-A8D6-4304-92C5-4C5C6C40371D}.AppStore|ARM.Build.0 = Debug|Any CPU
		{63E5CD00-A8D6-4304-92C5-4C5C6C40371D}.AppStore|ARM64.ActiveCfg = Debug|Any CPU
		{63E5CD00-A8D6-4304-92C5-4C5C6C40371D}.AppStore|ARM64.Build.0 = Debug|Any CPU
		{63E5CD00-A8D6-4304-92C5-4C5C6C40371D}.AppStore|iPhone.ActiveCfg = Debug|Any CPU
		{63E5CD00-A8D6-4304-92C5-4C5C6C40371D}.AppStore|iPhone.Build.0 = Debug|Any CPU
		{63E5CD00-A8D6-4304-92C5-4C5C6C40371D}.AppStore|iPhoneSimulator.ActiveCfg = Debug|Any CPU
		{63E5CD00-A8D6-4304-92C5-4C5C6C40371D}.AppStore|iPhoneSimulator.Build.0 = Debug|Any CPU
		{63E5CD00-A8D6-4304-92C5-4C5C6C40371D}.AppStore|x64.ActiveCfg = Debug|Any CPU
		{63E5CD00-A8D6-4304-92C5-4C5C6C40371D}.AppStore|x64.Build.0 = Debug|Any CPU
		{63E5CD00-A8D6-4304-92C5-4C5C6C40371D}.AppStore|x86.ActiveCfg = Debug|Any CPU
		{63E5CD00-A8D6-4304-92C5-4C5C6C40371D}.AppStore|x86.Build.0 = Debug|Any CPU
		{63E5CD00-A8D6-4304-92C5-4C5C6C40371D}.Debug|Any CPU.ActiveCfg = Debug|Any CPU
		{63E5CD00-A8D6-4304-92C5-4C5C6C40371D}.Debug|Any CPU.Build.0 = Debug|Any CPU
		{63E5CD00-A8D6-4304-92C5-4C5C6C40371D}.Debug|ARM.ActiveCfg = Debug|Any CPU
		{63E5CD00-A8D6-4304-92C5-4C5C6C40371D}.Debug|ARM.Build.0 = Debug|Any CPU
		{63E5CD00-A8D6-4304-92C5-4C5C6C40371D}.Debug|ARM64.ActiveCfg = Debug|Any CPU
		{63E5CD00-A8D6-4304-92C5-4C5C6C40371D}.Debug|ARM64.Build.0 = Debug|Any CPU
		{63E5CD00-A8D6-4304-92C5-4C5C6C40371D}.Debug|iPhone.ActiveCfg = Debug|Any CPU
		{63E5CD00-A8D6-4304-92C5-4C5C6C40371D}.Debug|iPhone.Build.0 = Debug|Any CPU
		{63E5CD00-A8D6-4304-92C5-4C5C6C40371D}.Debug|iPhoneSimulator.ActiveCfg = Debug|Any CPU
		{63E5CD00-A8D6-4304-92C5-4C5C6C40371D}.Debug|iPhoneSimulator.Build.0 = Debug|Any CPU
		{63E5CD00-A8D6-4304-92C5-4C5C6C40371D}.Debug|x64.ActiveCfg = Debug|Any CPU
		{63E5CD00-A8D6-4304-92C5-4C5C6C40371D}.Debug|x64.Build.0 = Debug|Any CPU
		{63E5CD00-A8D6-4304-92C5-4C5C6C40371D}.Debug|x86.ActiveCfg = Debug|Any CPU
		{63E5CD00-A8D6-4304-92C5-4C5C6C40371D}.Debug|x86.Build.0 = Debug|Any CPU
		{63E5CD00-A8D6-4304-92C5-4C5C6C40371D}.Release|Any CPU.ActiveCfg = Release|Any CPU
		{63E5CD00-A8D6-4304-92C5-4C5C6C40371D}.Release|Any CPU.Build.0 = Release|Any CPU
		{63E5CD00-A8D6-4304-92C5-4C5C6C40371D}.Release|ARM.ActiveCfg = Release|Any CPU
		{63E5CD00-A8D6-4304-92C5-4C5C6C40371D}.Release|ARM.Build.0 = Release|Any CPU
		{63E5CD00-A8D6-4304-92C5-4C5C6C40371D}.Release|ARM64.ActiveCfg = Release|Any CPU
		{63E5CD00-A8D6-4304-92C5-4C5C6C40371D}.Release|ARM64.Build.0 = Release|Any CPU
		{63E5CD00-A8D6-4304-92C5-4C5C6C40371D}.Release|iPhone.ActiveCfg = Release|Any CPU
		{63E5CD00-A8D6-4304-92C5-4C5C6C40371D}.Release|iPhone.Build.0 = Release|Any CPU
		{63E5CD00-A8D6-4304-92C5-4C5C6C40371D}.Release|iPhoneSimulator.ActiveCfg = Release|Any CPU
		{63E5CD00-A8D6-4304-92C5-4C5C6C40371D}.Release|iPhoneSimulator.Build.0 = Release|Any CPU
		{63E5CD00-A8D6-4304-92C5-4C5C6C40371D}.Release|x64.ActiveCfg = Release|Any CPU
		{63E5CD00-A8D6-4304-92C5-4C5C6C40371D}.Release|x64.Build.0 = Release|Any CPU
		{63E5CD00-A8D6-4304-92C5-4C5C6C40371D}.Release|x86.ActiveCfg = Release|Any CPU
		{63E5CD00-A8D6-4304-92C5-4C5C6C40371D}.Release|x86.Build.0 = Release|Any CPU
	EndGlobalSection
	GlobalSection(SolutionProperties) = preSolution
		HideSolutionNode = FALSE
	EndGlobalSection
	GlobalSection(NestedProjects) = preSolution
		{6279C845-92F8-4333-AB99-3D213163593C} = {92A9A14F-07E3-4019-ABA7-818774388ADB}
		{CCAF89A0-6F0B-4486-B35A-992384AE26ED} = {92A9A14F-07E3-4019-ABA7-818774388ADB}
		{A88B8E8D-5154-484B-B10D-D1234E2A7CE3} = {CCAF89A0-6F0B-4486-B35A-992384AE26ED}
		{A808DD2E-CF11-4164-ACE4-9E27DF6C69DA} = {92A9A14F-07E3-4019-ABA7-818774388ADB}
		{882FF032-3503-4693-A6D0-CEEBC7ED6841} = {73E411B8-13D0-4C24-A1EF-0D7F4879E3E7}
		{63E5CD00-A8D6-4304-92C5-4C5C6C40371D} = {73E411B8-13D0-4C24-A1EF-0D7F4879E3E7}
	EndGlobalSection
	GlobalSection(ExtensibilityGlobals) = postSolution
		SolutionGuid = {169747EB-D409-4AE8-939C-C04787685152}
	EndGlobalSection
EndGlobal
