
Microsoft Visual Studio Solution File, Format Version 12.00
# Visual Studio Version 16
VisualStudioVersion = 16.0.30225.117
MinimumVisualStudioVersion = 10.0.40219.1
Project("{9A19103F-16F7-4668-BE54-9A1E7A4F7556}") = "RedShot.App", "RedShot.App\RedShot.App\RedShot.App.csproj", "{F2F65109-EBFC-46A7-86F2-5EDBC3918C61}"
EndProject
Project("{9A19103F-16F7-4668-BE54-9A1E7A4F7556}") = "RedShot.EtoForms.Desktop", "RedShot.App\RedShot.App.Desktop\RedShot.EtoForms.Desktop.csproj", "{AAE18E45-C33E-4D68-AF9D-F64669F98ADC}"
EndProject
Project("{9A19103F-16F7-4668-BE54-9A1E7A4F7556}") = "RedShot.Upload", "RedShot.Upload\RedShot.Upload.csproj", "{63AB96CA-57CF-4513-A5FB-58A9D87B526E}"
EndProject
Project("{2150E333-8FDC-42A3-9474-1A3956D46DE8}") = "RedShot.SkiaSharpControl", "RedShot.SkiaSharpControl", "{74B70C37-AE6C-4F87-920F-0E67ED5DAF09}"
EndProject
Project("{9A19103F-16F7-4668-BE54-9A1E7A4F7556}") = "Eto.Forms.Controls.SkiaSharp", "RedShot.SkiaSharpControl\Eto.Forms.Controls.SkiaSharp\Eto.Forms.Controls.SkiaSharp.csproj", "{C6C791D0-9F93-43D5-A25E-DC56E015A77B}"
EndProject
Project("{9A19103F-16F7-4668-BE54-9A1E7A4F7556}") = "Eto.Forms.Controls.SkiaSharp.GTK", "RedShot.SkiaSharpControl\Eto.Forms.Controls.SkiaSharp.GTK\Eto.Forms.Controls.SkiaSharp.GTK.csproj", "{8FF8D9D9-8344-425D-BF84-F0A65CF73938}"
EndProject
Project("{9A19103F-16F7-4668-BE54-9A1E7A4F7556}") = "Eto.Forms.Controls.SkiaSharp.WinForms", "RedShot.SkiaSharpControl\Eto.Forms.Controls.SkiaSharp.WinForms\Eto.Forms.Controls.SkiaSharp.WinForms.csproj", "{5D82503F-82ED-4C75-95E9-B6FB7767D499}"
EndProject
Project("{9A19103F-16F7-4668-BE54-9A1E7A4F7556}") = "RedShot.Helpers", "RedShot.Helpers\RedShot.Helpers.csproj", "{B34930DE-F4A4-413E-8246-A9AFDFB564F2}"
EndProject
Project("{9A19103F-16F7-4668-BE54-9A1E7A4F7556}") = "RedShot.Configuration", "RedShot.Configuration\RedShot.Configuration.csproj", "{393AC0D9-FBFE-4A30-8E27-74E51D4E78B7}"
EndProject
Project("{9A19103F-16F7-4668-BE54-9A1E7A4F7556}") = "RedShot.Abstractions", "RedShot.Abstractions\RedShot.Abstractions.csproj", "{FADC06AE-B99A-4B59-94FA-B4A8E80135A4}"
EndProject
Global
	GlobalSection(SolutionConfigurationPlatforms) = preSolution
		Debug|Any CPU = Debug|Any CPU
		Release|Any CPU = Release|Any CPU
	EndGlobalSection
	GlobalSection(ProjectConfigurationPlatforms) = postSolution
		{F2F65109-EBFC-46A7-86F2-5EDBC3918C61}.Debug|Any CPU.ActiveCfg = Debug|Any CPU
		{F2F65109-EBFC-46A7-86F2-5EDBC3918C61}.Debug|Any CPU.Build.0 = Debug|Any CPU
		{F2F65109-EBFC-46A7-86F2-5EDBC3918C61}.Release|Any CPU.ActiveCfg = Release|Any CPU
		{F2F65109-EBFC-46A7-86F2-5EDBC3918C61}.Release|Any CPU.Build.0 = Release|Any CPU
		{AAE18E45-C33E-4D68-AF9D-F64669F98ADC}.Debug|Any CPU.ActiveCfg = Debug|Any CPU
		{AAE18E45-C33E-4D68-AF9D-F64669F98ADC}.Debug|Any CPU.Build.0 = Debug|Any CPU
		{AAE18E45-C33E-4D68-AF9D-F64669F98ADC}.Release|Any CPU.ActiveCfg = Release|Any CPU
		{AAE18E45-C33E-4D68-AF9D-F64669F98ADC}.Release|Any CPU.Build.0 = Release|Any CPU
		{63AB96CA-57CF-4513-A5FB-58A9D87B526E}.Debug|Any CPU.ActiveCfg = Debug|Any CPU
		{63AB96CA-57CF-4513-A5FB-58A9D87B526E}.Debug|Any CPU.Build.0 = Debug|Any CPU
		{63AB96CA-57CF-4513-A5FB-58A9D87B526E}.Release|Any CPU.ActiveCfg = Release|Any CPU
		{63AB96CA-57CF-4513-A5FB-58A9D87B526E}.Release|Any CPU.Build.0 = Release|Any CPU
		{C6C791D0-9F93-43D5-A25E-DC56E015A77B}.Debug|Any CPU.ActiveCfg = Debug|Any CPU
		{C6C791D0-9F93-43D5-A25E-DC56E015A77B}.Debug|Any CPU.Build.0 = Debug|Any CPU
		{C6C791D0-9F93-43D5-A25E-DC56E015A77B}.Release|Any CPU.ActiveCfg = Release|Any CPU
		{C6C791D0-9F93-43D5-A25E-DC56E015A77B}.Release|Any CPU.Build.0 = Release|Any CPU
		{8FF8D9D9-8344-425D-BF84-F0A65CF73938}.Debug|Any CPU.ActiveCfg = Debug|Any CPU
		{8FF8D9D9-8344-425D-BF84-F0A65CF73938}.Debug|Any CPU.Build.0 = Debug|Any CPU
		{8FF8D9D9-8344-425D-BF84-F0A65CF73938}.Release|Any CPU.ActiveCfg = Release|Any CPU
		{8FF8D9D9-8344-425D-BF84-F0A65CF73938}.Release|Any CPU.Build.0 = Release|Any CPU
		{5D82503F-82ED-4C75-95E9-B6FB7767D499}.Debug|Any CPU.ActiveCfg = Debug|Any CPU
		{5D82503F-82ED-4C75-95E9-B6FB7767D499}.Debug|Any CPU.Build.0 = Debug|Any CPU
		{5D82503F-82ED-4C75-95E9-B6FB7767D499}.Release|Any CPU.ActiveCfg = Release|Any CPU
		{5D82503F-82ED-4C75-95E9-B6FB7767D499}.Release|Any CPU.Build.0 = Release|Any CPU
		{B34930DE-F4A4-413E-8246-A9AFDFB564F2}.Debug|Any CPU.ActiveCfg = Debug|Any CPU
		{B34930DE-F4A4-413E-8246-A9AFDFB564F2}.Debug|Any CPU.Build.0 = Debug|Any CPU
		{B34930DE-F4A4-413E-8246-A9AFDFB564F2}.Release|Any CPU.ActiveCfg = Release|Any CPU
		{B34930DE-F4A4-413E-8246-A9AFDFB564F2}.Release|Any CPU.Build.0 = Release|Any CPU
		{393AC0D9-FBFE-4A30-8E27-74E51D4E78B7}.Debug|Any CPU.ActiveCfg = Debug|Any CPU
		{393AC0D9-FBFE-4A30-8E27-74E51D4E78B7}.Debug|Any CPU.Build.0 = Debug|Any CPU
		{393AC0D9-FBFE-4A30-8E27-74E51D4E78B7}.Release|Any CPU.ActiveCfg = Release|Any CPU
		{393AC0D9-FBFE-4A30-8E27-74E51D4E78B7}.Release|Any CPU.Build.0 = Release|Any CPU
		{FADC06AE-B99A-4B59-94FA-B4A8E80135A4}.Debug|Any CPU.ActiveCfg = Debug|Any CPU
		{FADC06AE-B99A-4B59-94FA-B4A8E80135A4}.Debug|Any CPU.Build.0 = Debug|Any CPU
		{FADC06AE-B99A-4B59-94FA-B4A8E80135A4}.Release|Any CPU.ActiveCfg = Release|Any CPU
		{FADC06AE-B99A-4B59-94FA-B4A8E80135A4}.Release|Any CPU.Build.0 = Release|Any CPU
	EndGlobalSection
	GlobalSection(SolutionProperties) = preSolution
		HideSolutionNode = FALSE
	EndGlobalSection
	GlobalSection(NestedProjects) = preSolution
		{C6C791D0-9F93-43D5-A25E-DC56E015A77B} = {74B70C37-AE6C-4F87-920F-0E67ED5DAF09}
		{8FF8D9D9-8344-425D-BF84-F0A65CF73938} = {74B70C37-AE6C-4F87-920F-0E67ED5DAF09}
		{5D82503F-82ED-4C75-95E9-B6FB7767D499} = {74B70C37-AE6C-4F87-920F-0E67ED5DAF09}
	EndGlobalSection
	GlobalSection(ExtensibilityGlobals) = postSolution
		SolutionGuid = {29605F2C-E5EE-416A-9711-11917A3A250F}
	EndGlobalSection
EndGlobal
